// !$*UTF8*$!
{
	archiveVersion = 1;
	classes = {
	};
	objectVersion = 55;
	objects = {

/* Begin PBXBuildFile section */
		47451B66280B971F0036B255 /* raysApp.swift in Sources */ = {isa = PBXBuildFile; fileRef = 47451B65280B971F0036B255 /* raysApp.swift */; };
		47451B68280B971F0036B255 /* World.swift in Sources */ = {isa = PBXBuildFile; fileRef = 47451B67280B971F0036B255 /* World.swift */; };
		47451B6A280B97220036B255 /* Assets.xcassets in Resources */ = {isa = PBXBuildFile; fileRef = 47451B69280B97220036B255 /* Assets.xcassets */; };
		47451B6D280B97220036B255 /* Preview Assets.xcassets in Resources */ = {isa = PBXBuildFile; fileRef = 47451B6C280B97220036B255 /* Preview Assets.xcassets */; };
		47451B75281117430036B255 /* Bitmap.swift in Sources */ = {isa = PBXBuildFile; fileRef = 47451B74281117430036B255 /* Bitmap.swift */; };
		47451B77281117C20036B255 /* Shape.swift in Sources */ = {isa = PBXBuildFile; fileRef = 47451B76281117C20036B255 /* Shape.swift */; };
		47451B79281118060036B255 /* Color.swift in Sources */ = {isa = PBXBuildFile; fileRef = 47451B78281118060036B255 /* Color.swift */; };
		47451B7B28111C620036B255 /* Camera.swift in Sources */ = {isa = PBXBuildFile; fileRef = 47451B7A28111C620036B255 /* Camera.swift */; };
		47451B7D2811E1E60036B255 /* Light.swift in Sources */ = {isa = PBXBuildFile; fileRef = 47451B7C2811E1E60036B255 /* Light.swift */; };
		47451B7F2811E2110036B255 /* Vector.swift in Sources */ = {isa = PBXBuildFile; fileRef = 47451B7E2811E2110036B255 /* Vector.swift */; };
		47451B812811E2930036B255 /* Point.swift in Sources */ = {isa = PBXBuildFile; fileRef = 47451B802811E2930036B255 /* Point.swift */; };
/* End PBXBuildFile section */

/* Begin PBXFileReference section */
		47451B62280B971F0036B255 /* rays.app */ = {isa = PBXFileReference; explicitFileType = wrapper.application; includeInIndex = 0; path = rays.app; sourceTree = BUILT_PRODUCTS_DIR; };
		47451B65280B971F0036B255 /* raysApp.swift */ = {isa = PBXFileReference; lastKnownFileType = sourcecode.swift; path = raysApp.swift; sourceTree = "<group>"; };
		47451B67280B971F0036B255 /* World.swift */ = {isa = PBXFileReference; lastKnownFileType = sourcecode.swift; path = World.swift; sourceTree = "<group>"; };
		47451B69280B97220036B255 /* Assets.xcassets */ = {isa = PBXFileReference; lastKnownFileType = folder.assetcatalog; path = Assets.xcassets; sourceTree = "<group>"; };
		47451B6C280B97220036B255 /* Preview Assets.xcassets */ = {isa = PBXFileReference; lastKnownFileType = folder.assetcatalog; path = "Preview Assets.xcassets"; sourceTree = "<group>"; };
		47451B6E280B97220036B255 /* rays.entitlements */ = {isa = PBXFileReference; lastKnownFileType = text.plist.entitlements; path = rays.entitlements; sourceTree = "<group>"; };
		47451B74281117430036B255 /* Bitmap.swift */ = {isa = PBXFileReference; lastKnownFileType = sourcecode.swift; path = Bitmap.swift; sourceTree = "<group>"; };
		47451B76281117C20036B255 /* Shape.swift */ = {isa = PBXFileReference; lastKnownFileType = sourcecode.swift; path = Shape.swift; sourceTree = "<group>"; };
		47451B78281118060036B255 /* Color.swift */ = {isa = PBXFileReference; lastKnownFileType = sourcecode.swift; path = Color.swift; sourceTree = "<group>"; };
		47451B7A28111C620036B255 /* Camera.swift */ = {isa = PBXFileReference; lastKnownFileType = sourcecode.swift; path = Camera.swift; sourceTree = "<group>"; };
		47451B7C2811E1E60036B255 /* Light.swift */ = {isa = PBXFileReference; lastKnownFileType = sourcecode.swift; path = Light.swift; sourceTree = "<group>"; };
		47451B7E2811E2110036B255 /* Vector.swift */ = {isa = PBXFileReference; lastKnownFileType = sourcecode.swift; path = Vector.swift; sourceTree = "<group>"; };
		47451B802811E2930036B255 /* Point.swift */ = {isa = PBXFileReference; lastKnownFileType = sourcecode.swift; path = Point.swift; sourceTree = "<group>"; };
/* End PBXFileReference section */

/* Begin PBXFrameworksBuildPhase section */
		47451B5F280B971F0036B255 /* Frameworks */ = {
			isa = PBXFrameworksBuildPhase;
			buildActionMask = 2147483647;
			files = (
			);
			runOnlyForDeploymentPostprocessing = 0;
		};
/* End PBXFrameworksBuildPhase section */

/* Begin PBXGroup section */
		47451B59280B971F0036B255 = {
			isa = PBXGroup;
			children = (
				47451B64280B971F0036B255 /* rays */,
				47451B63280B971F0036B255 /* Products */,
			);
			sourceTree = "<group>";
		};
		47451B63280B971F0036B255 /* Products */ = {
			isa = PBXGroup;
			children = (
				47451B62280B971F0036B255 /* rays.app */,
			);
			name = Products;
			sourceTree = "<group>";
		};
		47451B64280B971F0036B255 /* rays */ = {
			isa = PBXGroup;
			children = (
				47451B69280B97220036B255 /* Assets.xcassets */,
				47451B74281117430036B255 /* Bitmap.swift */,
				47451B7A28111C620036B255 /* Camera.swift */,
				47451B78281118060036B255 /* Color.swift */,
				47451B6B280B97220036B255 /* Preview Content */,
				47451B6E280B97220036B255 /* rays.entitlements */,
				47451B65280B971F0036B255 /* raysApp.swift */,
				47451B76281117C20036B255 /* Shape.swift */,
				47451B67280B971F0036B255 /* World.swift */,
				47451B7C2811E1E60036B255 /* Light.swift */,
				47451B7E2811E2110036B255 /* Vector.swift */,
				47451B802811E2930036B255 /* Point.swift */,
			);
			path = rays;
			sourceTree = "<group>";
		};
		47451B6B280B97220036B255 /* Preview Content */ = {
			isa = PBXGroup;
			children = (
				47451B6C280B97220036B255 /* Preview Assets.xcassets */,
			);
			path = "Preview Content";
			sourceTree = "<group>";
		};
/* End PBXGroup section */

/* Begin PBXNativeTarget section */
		47451B61280B971F0036B255 /* rays */ = {
			isa = PBXNativeTarget;
			buildConfigurationList = 47451B71280B97220036B255 /* Build configuration list for PBXNativeTarget "rays" */;
			buildPhases = (
				47451B5E280B971F0036B255 /* Sources */,
				47451B5F280B971F0036B255 /* Frameworks */,
				47451B60280B971F0036B255 /* Resources */,
			);
			buildRules = (
			);
			dependencies = (
			);
			name = rays;
			productName = rays;
			productReference = 47451B62280B971F0036B255 /* rays.app */;
			productType = "com.apple.product-type.application";
		};
/* End PBXNativeTarget section */

/* Begin PBXProject section */
		47451B5A280B971F0036B255 /* Project object */ = {
			isa = PBXProject;
			attributes = {
				BuildIndependentTargetsInParallel = 1;
				LastSwiftUpdateCheck = 1330;
				LastUpgradeCheck = 1330;
				TargetAttributes = {
					47451B61280B971F0036B255 = {
						CreatedOnToolsVersion = 13.3.1;
					};
				};
			};
			buildConfigurationList = 47451B5D280B971F0036B255 /* Build configuration list for PBXProject "rays" */;
			compatibilityVersion = "Xcode 13.0";
			developmentRegion = en;
			hasScannedForEncodings = 0;
			knownRegions = (
				en,
				Base,
			);
			mainGroup = 47451B59280B971F0036B255;
			productRefGroup = 47451B63280B971F0036B255 /* Products */;
			projectDirPath = "";
			projectRoot = "";
			targets = (
				47451B61280B971F0036B255 /* rays */,
			);
		};
/* End PBXProject section */

/* Begin PBXResourcesBuildPhase section */
		47451B60280B971F0036B255 /* Resources */ = {
			isa = PBXResourcesBuildPhase;
			buildActionMask = 2147483647;
			files = (
				47451B6D280B97220036B255 /* Preview Assets.xcassets in Resources */,
				47451B6A280B97220036B255 /* Assets.xcassets in Resources */,
			);
			runOnlyForDeploymentPostprocessing = 0;
		};
/* End PBXResourcesBuildPhase section */

/* Begin PBXSourcesBuildPhase section */
		47451B5E280B971F0036B255 /* Sources */ = {
			isa = PBXSourcesBuildPhase;
			buildActionMask = 2147483647;
			files = (
				47451B68280B971F0036B255 /* World.swift in Sources */,
				47451B75281117430036B255 /* Bitmap.swift in Sources */,
				47451B7F2811E2110036B255 /* Vector.swift in Sources */,
				47451B7B28111C620036B255 /* Camera.swift in Sources */,
				47451B66280B971F0036B255 /* raysApp.swift in Sources */,
				47451B812811E2930036B255 /* Point.swift in Sources */,
				47451B79281118060036B255 /* Color.swift in Sources */,
				47451B7D2811E1E60036B255 /* Light.swift in Sources */,
				47451B77281117C20036B255 /* Shape.swift in Sources */,
			);
			runOnlyForDeploymentPostprocessing = 0;
		};
/* End PBXSourcesBuildPhase section */

/* Begin XCBuildConfiguration section */
		47451B6F280B97220036B255 /* Debug */ = {
			isa = XCBuildConfiguration;
			buildSettings = {
				ALWAYS_SEARCH_USER_PATHS = NO;
				CLANG_ANALYZER_NONNULL = YES;
				CLANG_ANALYZER_NUMBER_OBJECT_CONVERSION = YES_AGGRESSIVE;
				CLANG_CXX_LANGUAGE_STANDARD = "gnu++17";
				CLANG_ENABLE_MODULES = YES;
				CLANG_ENABLE_OBJC_ARC = YES;
				CLANG_ENABLE_OBJC_WEAK = YES;
				CLANG_WARN_BLOCK_CAPTURE_AUTORELEASING = YES;
				CLANG_WARN_BOOL_CONVERSION = YES;
				CLANG_WARN_COMMA = YES;
				CLANG_WARN_CONSTANT_CONVERSION = YES;
				CLANG_WARN_DEPRECATED_OBJC_IMPLEMENTATIONS = YES;
				CLANG_WARN_DIRECT_OBJC_ISA_USAGE = YES_ERROR;
				CLANG_WARN_DOCUMENTATION_COMMENTS = YES;
				CLANG_WARN_EMPTY_BODY = YES;
				CLANG_WARN_ENUM_CONVERSION = YES;
				CLANG_WARN_INFINITE_RECURSION = YES;
				CLANG_WARN_INT_CONVERSION = YES;
				CLANG_WARN_NON_LITERAL_NULL_CONVERSION = YES;
				CLANG_WARN_OBJC_IMPLICIT_RETAIN_SELF = YES;
				CLANG_WARN_OBJC_LITERAL_CONVERSION = YES;
				CLANG_WARN_OBJC_ROOT_CLASS = YES_ERROR;
				CLANG_WARN_QUOTED_INCLUDE_IN_FRAMEWORK_HEADER = YES;
				CLANG_WARN_RANGE_LOOP_ANALYSIS = YES;
				CLANG_WARN_STRICT_PROTOTYPES = YES;
				CLANG_WARN_SUSPICIOUS_MOVE = YES;
				CLANG_WARN_UNGUARDED_AVAILABILITY = YES_AGGRESSIVE;
				CLANG_WARN_UNREACHABLE_CODE = YES;
				CLANG_WARN__DUPLICATE_METHOD_MATCH = YES;
				COPY_PHASE_STRIP = NO;
				DEBUG_INFORMATION_FORMAT = dwarf;
				ENABLE_STRICT_OBJC_MSGSEND = YES;
				ENABLE_TESTABILITY = YES;
				GCC_C_LANGUAGE_STANDARD = gnu11;
				GCC_DYNAMIC_NO_PIC = NO;
				GCC_NO_COMMON_BLOCKS = YES;
				GCC_OPTIMIZATION_LEVEL = 0;
				GCC_PREPROCESSOR_DEFINITIONS = (
					"DEBUG=1",
					"$(inherited)",
				);
				GCC_WARN_64_TO_32_BIT_CONVERSION = YES;
				GCC_WARN_ABOUT_RETURN_TYPE = YES_ERROR;
				GCC_WARN_UNDECLARED_SELECTOR = YES;
				GCC_WARN_UNINITIALIZED_AUTOS = YES_AGGRESSIVE;
				GCC_WARN_UNUSED_FUNCTION = YES;
				GCC_WARN_UNUSED_VARIABLE = YES;
				MACOSX_DEPLOYMENT_TARGET = 12.3;
				MTL_ENABLE_DEBUG_INFO = INCLUDE_SOURCE;
				MTL_FAST_MATH = YES;
				ONLY_ACTIVE_ARCH = YES;
				SDKROOT = macosx;
				SWIFT_ACTIVE_COMPILATION_CONDITIONS = DEBUG;
				SWIFT_OPTIMIZATION_LEVEL = "-Onone";
			};
			name = Debug;
		};
		47451B70280B97220036B255 /* Release */ = {
			isa = XCBuildConfiguration;
			buildSettings = {
				ALWAYS_SEARCH_USER_PATHS = NO;
				CLANG_ANALYZER_NONNULL = YES;
				CLANG_ANALYZER_NUMBER_OBJECT_CONVERSION = YES_AGGRESSIVE;
				CLANG_CXX_LANGUAGE_STANDARD = "gnu++17";
				CLANG_ENABLE_MODULES = YES;
				CLANG_ENABLE_OBJC_ARC = YES;
				CLANG_ENABLE_OBJC_WEAK = YES;
				CLANG_WARN_BLOCK_CAPTURE_AUTORELEASING = YES;
				CLANG_WARN_BOOL_CONVERSION = YES;
				CLANG_WARN_COMMA = YES;
				CLANG_WARN_CONSTANT_CONVERSION = YES;
				CLANG_WARN_DEPRECATED_OBJC_IMPLEMENTATIONS = YES;
				CLANG_WARN_DIRECT_OBJC_ISA_USAGE = YES_ERROR;
				CLANG_WARN_DOCUMENTATION_COMMENTS = YES;
				CLANG_WARN_EMPTY_BODY = YES;
				CLANG_WARN_ENUM_CONVERSION = YES;
				CLANG_WARN_INFINITE_RECURSION = YES;
				CLANG_WARN_INT_CONVERSION = YES;
				CLANG_WARN_NON_LITERAL_NULL_CONVERSION = YES;
				CLANG_WARN_OBJC_IMPLICIT_RETAIN_SELF = YES;
				CLANG_WARN_OBJC_LITERAL_CONVERSION = YES;
				CLANG_WARN_OBJC_ROOT_CLASS = YES_ERROR;
				CLANG_WARN_QUOTED_INCLUDE_IN_FRAMEWORK_HEADER = YES;
				CLANG_WARN_RANGE_LOOP_ANALYSIS = YES;
				CLANG_WARN_STRICT_PROTOTYPES = YES;
				CLANG_WARN_SUSPICIOUS_MOVE = YES;
				CLANG_WARN_UNGUARDED_AVAILABILITY = YES_AGGRESSIVE;
				CLANG_WARN_UNREACHABLE_CODE = YES;
				CLANG_WARN__DUPLICATE_METHOD_MATCH = YES;
				COPY_PHASE_STRIP = NO;
				DEBUG_INFORMATION_FORMAT = "dwarf-with-dsym";
				ENABLE_NS_ASSERTIONS = NO;
				ENABLE_STRICT_OBJC_MSGSEND = YES;
				GCC_C_LANGUAGE_STANDARD = gnu11;
				GCC_NO_COMMON_BLOCKS = YES;
				GCC_WARN_64_TO_32_BIT_CONVERSION = YES;
				GCC_WARN_ABOUT_RETURN_TYPE = YES_ERROR;
				GCC_WARN_UNDECLARED_SELECTOR = YES;
				GCC_WARN_UNINITIALIZED_AUTOS = YES_AGGRESSIVE;
				GCC_WARN_UNUSED_FUNCTION = YES;
				GCC_WARN_UNUSED_VARIABLE = YES;
				MACOSX_DEPLOYMENT_TARGET = 12.3;
				MTL_ENABLE_DEBUG_INFO = NO;
				MTL_FAST_MATH = YES;
				SDKROOT = macosx;
				SWIFT_COMPILATION_MODE = wholemodule;
				SWIFT_OPTIMIZATION_LEVEL = "-O";
			};
			name = Release;
		};
		47451B72280B97220036B255 /* Debug */ = {
			isa = XCBuildConfiguration;
			buildSettings = {
				ASSETCATALOG_COMPILER_APPICON_NAME = AppIcon;
				ASSETCATALOG_COMPILER_GLOBAL_ACCENT_COLOR_NAME = AccentColor;
				CODE_SIGN_ENTITLEMENTS = rays/rays.entitlements;
				CODE_SIGN_STYLE = Automatic;
				COMBINE_HIDPI_IMAGES = YES;
				CURRENT_PROJECT_VERSION = 1;
				DEVELOPMENT_ASSET_PATHS = "\"rays/Preview Content\"";
				ENABLE_PREVIEWS = YES;
				GENERATE_INFOPLIST_FILE = YES;
				INFOPLIST_KEY_NSHumanReadableCopyright = "";
				LD_RUNPATH_SEARCH_PATHS = (
					"$(inherited)",
					"@executable_path/../Frameworks",
				);
				MARKETING_VERSION = 1.0;
				PRODUCT_BUNDLE_IDENTIFIER = Fetrovsky.rays;
				PRODUCT_NAME = "$(TARGET_NAME)";
				SWIFT_EMIT_LOC_STRINGS = YES;
				SWIFT_VERSION = 5.0;
			};
			name = Debug;
		};
		47451B73280B97220036B255 /* Release */ = {
			isa = XCBuildConfiguration;
			buildSettings = {
				ASSETCATALOG_COMPILER_APPICON_NAME = AppIcon;
				ASSETCATALOG_COMPILER_GLOBAL_ACCENT_COLOR_NAME = AccentColor;
				CODE_SIGN_ENTITLEMENTS = rays/rays.entitlements;
				CODE_SIGN_STYLE = Automatic;
				COMBINE_HIDPI_IMAGES = YES;
				CURRENT_PROJECT_VERSION = 1;
				DEVELOPMENT_ASSET_PATHS = "\"rays/Preview Content\"";
				ENABLE_PREVIEWS = YES;
				GENERATE_INFOPLIST_FILE = YES;
				INFOPLIST_KEY_NSHumanReadableCopyright = "";
				LD_RUNPATH_SEARCH_PATHS = (
					"$(inherited)",
					"@executable_path/../Frameworks",
				);
				MARKETING_VERSION = 1.0;
				PRODUCT_BUNDLE_IDENTIFIER = Fetrovsky.rays;
				PRODUCT_NAME = "$(TARGET_NAME)";
				SWIFT_EMIT_LOC_STRINGS = YES;
				SWIFT_VERSION = 5.0;
			};
			name = Release;
		};
/* End XCBuildConfiguration section */

/* Begin XCConfigurationList section */
		47451B5D280B971F0036B255 /* Build configuration list for PBXProject "rays" */ = {
			isa = XCConfigurationList;
			buildConfigurations = (
				47451B6F280B97220036B255 /* Debug */,
				47451B70280B97220036B255 /* Release */,
			);
			defaultConfigurationIsVisible = 0;
			defaultConfigurationName = Release;
		};
		47451B71280B97220036B255 /* Build configuration list for PBXNativeTarget "rays" */ = {
			isa = XCConfigurationList;
			buildConfigurations = (
				47451B72280B97220036B255 /* Debug */,
				47451B73280B97220036B255 /* Release */,
			);
			defaultConfigurationIsVisible = 0;
			defaultConfigurationName = Release;
		};
/* End XCConfigurationList section */
	};
	rootObject = 47451B5A280B971F0036B255 /* Project object */;
}
